
Microsoft Visual Studio Solution File, Format Version 12.00
# Visual Studio Version 17
VisualStudioVersion = 17.3.32922.545
MinimumVisualStudioVersion = 10.0.40219.1
Project("{FAE04EC0-301F-11D3-BF4B-00C04F79EFBC}") = "NutritionStore", "NutritionStore\NutritionStore.csproj", "{4FF98012-AE85-4496-8812-BAA0DF639F11}"
EndProject
Global
	GlobalSection(SolutionConfigurationPlatforms) = preSolution
		Debug|Any CPU = Debug|Any CPU
		Release|Any CPU = Release|Any CPU
	EndGlobalSection
	GlobalSection(ProjectConfigurationPlatforms) = postSolution
		{4FF98012-AE85-4496-8812-BAA0DF639F11}.Debug|Any CPU.ActiveCfg = Debug|Any CPU
		{4FF98012-AE85-4496-8812-BAA0DF639F11}.Debug|Any CPU.Build.0 = Debug|Any CPU
		{4FF98012-AE85-4496-8812-BAA0DF639F11}.Release|Any CPU.ActiveCfg = Release|Any CPU
		{4FF98012-AE85-4496-8812-BAA0DF639F11}.Release|Any CPU.Build.0 = Release|Any CPU
	EndGlobalSection
	GlobalSection(SolutionProperties) = preSolution
		HideSolutionNode = FALSE
	EndGlobalSection
	GlobalSection(ExtensibilityGlobals) = postSolution
		SolutionGuid = {1302FFC6-EDA5-41E4-BEC6-C1BDFD45EE8C}
	EndGlobalSection
EndGlobal
